
Microsoft Visual Studio Solution File, Format Version 12.00
# Visual Studio Version 17
VisualStudioVersion = 17.3.32929.385
MinimumVisualStudioVersion = 10.0.40219.1
Project("{8BC9CEB8-8B4A-11D0-8D11-00A0C91BC942}") = "PolygonChecker", "PolygonChecker\PolygonChecker.vcxproj", "{2328FAE1-A1BF-420F-9F0C-C7CCC7F13314}"
EndProject
Project("{8BC9CEB8-8B4A-11D0-8D11-00A0C91BC942}") = "TRI_001", "TRI_001\TRI_001.vcxproj", "{3E702167-C1FF-46B7-A1DB-D9DBD9BA52CB}"
EndProject
Project("{8BC9CEB8-8B4A-11D0-8D11-00A0C91BC942}") = "REC_001", "REC_001\REC_001.vcxproj", "{91071A1C-9CB0-45CE-921B-E954917B65DE}"
EndProject
Project("{8BC9CEB8-8B4A-11D0-8D11-00A0C91BC942}") = "TRI_002", "TRI_002\TRI_002.vcxproj", "{BB636CB0-3A0F-46E6-9A24-B74B0F72A4EC}"
EndProject
Global
	GlobalSection(SolutionConfigurationPlatforms) = preSolution
		Debug|x64 = Debug|x64
		Debug|x86 = Debug|x86
		Release|x64 = Release|x64
		Release|x86 = Release|x86
	EndGlobalSection
	GlobalSection(ProjectConfigurationPlatforms) = postSolution
		{2328FAE1-A1BF-420F-9F0C-C7CCC7F13314}.Debug|x64.ActiveCfg = Debug|x64
		{2328FAE1-A1BF-420F-9F0C-C7CCC7F13314}.Debug|x64.Build.0 = Debug|x64
		{2328FAE1-A1BF-420F-9F0C-C7CCC7F13314}.Debug|x86.ActiveCfg = Debug|Win32
		{2328FAE1-A1BF-420F-9F0C-C7CCC7F13314}.Debug|x86.Build.0 = Debug|Win32
		{2328FAE1-A1BF-420F-9F0C-C7CCC7F13314}.Release|x64.ActiveCfg = Release|x64
		{2328FAE1-A1BF-420F-9F0C-C7CCC7F13314}.Release|x64.Build.0 = Release|x64
		{2328FAE1-A1BF-420F-9F0C-C7CCC7F13314}.Release|x86.ActiveCfg = Release|Win32
		{2328FAE1-A1BF-420F-9F0C-C7CCC7F13314}.Release|x86.Build.0 = Release|Win32
		{3E702167-C1FF-46B7-A1DB-D9DBD9BA52CB}.Debug|x64.ActiveCfg = Debug|x64
		{3E702167-C1FF-46B7-A1DB-D9DBD9BA52CB}.Debug|x64.Build.0 = Debug|x64
		{3E702167-C1FF-46B7-A1DB-D9DBD9BA52CB}.Debug|x86.ActiveCfg = Debug|Win32
		{3E702167-C1FF-46B7-A1DB-D9DBD9BA52CB}.Debug|x86.Build.0 = Debug|Win32
		{3E702167-C1FF-46B7-A1DB-D9DBD9BA52CB}.Release|x64.ActiveCfg = Release|x64
		{3E702167-C1FF-46B7-A1DB-D9DBD9BA52CB}.Release|x64.Build.0 = Release|x64
		{3E702167-C1FF-46B7-A1DB-D9DBD9BA52CB}.Release|x86.ActiveCfg = Release|Win32
		{3E702167-C1FF-46B7-A1DB-D9DBD9BA52CB}.Release|x86.Build.0 = Release|Win32
		{91071A1C-9CB0-45CE-921B-E954917B65DE}.Debug|x64.ActiveCfg = Debug|x64
		{91071A1C-9CB0-45CE-921B-E954917B65DE}.Debug|x64.Build.0 = Debug|x64
		{91071A1C-9CB0-45CE-921B-E954917B65DE}.Debug|x86.ActiveCfg = Debug|Win32
		{91071A1C-9CB0-45CE-921B-E954917B65DE}.Debug|x86.Build.0 = Debug|Win32
		{91071A1C-9CB0-45CE-921B-E954917B65DE}.Release|x64.ActiveCfg = Release|x64
		{91071A1C-9CB0-45CE-921B-E954917B65DE}.Release|x64.Build.0 = Release|x64
		{91071A1C-9CB0-45CE-921B-E954917B65DE}.Release|x86.ActiveCfg = Release|Win32
		{91071A1C-9CB0-45CE-921B-E954917B65DE}.Release|x86.Build.0 = Release|Win32
		{BB636CB0-3A0F-46E6-9A24-B74B0F72A4EC}.Debug|x64.ActiveCfg = Debug|x64
		{BB636CB0-3A0F-46E6-9A24-B74B0F72A4EC}.Debug|x64.Build.0 = Debug|x64
		{BB636CB0-3A0F-46E6-9A24-B74B0F72A4EC}.Debug|x86.ActiveCfg = Debug|Win32
		{BB636CB0-3A0F-46E6-9A24-B74B0F72A4EC}.Debug|x86.Build.0 = Debug|Win32
		{BB636CB0-3A0F-46E6-9A24-B74B0F72A4EC}.Release|x64.ActiveCfg = Release|x64
		{BB636CB0-3A0F-46E6-9A24-B74B0F72A4EC}.Release|x64.Build.0 = Release|x64
		{BB636CB0-3A0F-46E6-9A24-B74B0F72A4EC}.Release|x86.ActiveCfg = Release|Win32
		{BB636CB0-3A0F-46E6-9A24-B74B0F72A4EC}.Release|x86.Build.0 = Release|Win32
	EndGlobalSection
	GlobalSection(SolutionProperties) = preSolution
		HideSolutionNode = FALSE
	EndGlobalSection
	GlobalSection(ExtensibilityGlobals) = postSolution
		SolutionGuid = {2EB15426-9DAD-4308-B83A-391A646F34D8}
	EndGlobalSection
EndGlobal
